// !$*UTF8*$!
{
	archiveVersion = 1;
	classes = {
	};
	objectVersion = 56;
	objects = {

/* Begin PBXBuildFile section */
		817F6A312ACD10F7005A8506 /* ConcentrationGameApp.swift in Sources */ = {isa = PBXBuildFile; fileRef = 817F6A302ACD10F7005A8506 /* ConcentrationGameApp.swift */; };
		817F6A332ACD10F7005A8506 /* ContentView.swift in Sources */ = {isa = PBXBuildFile; fileRef = 817F6A322ACD10F7005A8506 /* ContentView.swift */; };
		817F6A352ACD10F8005A8506 /* Assets.xcassets in Resources */ = {isa = PBXBuildFile; fileRef = 817F6A342ACD10F8005A8506 /* Assets.xcassets */; };
		817F6A392ACD10F8005A8506 /* Preview Assets.xcassets in Resources */ = {isa = PBXBuildFile; fileRef = 817F6A382ACD10F8005A8506 /* Preview Assets.xcassets */; };
		817F6A432ACD10F8005A8506 /* ConcentrationGameTests.swift in Sources */ = {isa = PBXBuildFile; fileRef = 817F6A422ACD10F8005A8506 /* ConcentrationGameTests.swift */; };
		817F6A4D2ACD10F8005A8506 /* ConcentrationGameUITests.swift in Sources */ = {isa = PBXBuildFile; fileRef = 817F6A4C2ACD10F8005A8506 /* ConcentrationGameUITests.swift */; };
		817F6A4F2ACD10F8005A8506 /* ConcentrationGameUITestsLaunchTests.swift in Sources */ = {isa = PBXBuildFile; fileRef = 817F6A4E2ACD10F8005A8506 /* ConcentrationGameUITestsLaunchTests.swift */; };
/* End PBXBuildFile section */

/* Begin PBXContainerItemProxy section */
		817F6A3F2ACD10F8005A8506 /* PBXContainerItemProxy */ = {
			isa = PBXContainerItemProxy;
			containerPortal = 817F6A252ACD10F7005A8506 /* Project object */;
			proxyType = 1;
			remoteGlobalIDString = 817F6A2C2ACD10F7005A8506;
			remoteInfo = ConcentrationGame;
		};
		817F6A492ACD10F8005A8506 /* PBXContainerItemProxy */ = {
			isa = PBXContainerItemProxy;
			containerPortal = 817F6A252ACD10F7005A8506 /* Project object */;
			proxyType = 1;
			remoteGlobalIDString = 817F6A2C2ACD10F7005A8506;
			remoteInfo = ConcentrationGame;
		};
/* End PBXContainerItemProxy section */

/* Begin PBXFileReference section */
		817F6A2D2ACD10F7005A8506 /* ConcentrationGame.app */ = {isa = PBXFileReference; explicitFileType = wrapper.application; includeInIndex = 0; path = ConcentrationGame.app; sourceTree = BUILT_PRODUCTS_DIR; };
		817F6A302ACD10F7005A8506 /* ConcentrationGameApp.swift */ = {isa = PBXFileReference; lastKnownFileType = sourcecode.swift; path = ConcentrationGameApp.swift; sourceTree = "<group>"; };
		817F6A322ACD10F7005A8506 /* ContentView.swift */ = {isa = PBXFileReference; lastKnownFileType = sourcecode.swift; path = ContentView.swift; sourceTree = "<group>"; };
		817F6A342ACD10F8005A8506 /* Assets.xcassets */ = {isa = PBXFileReference; lastKnownFileType = folder.assetcatalog; path = Assets.xcassets; sourceTree = "<group>"; };
		817F6A362ACD10F8005A8506 /* ConcentrationGame.entitlements */ = {isa = PBXFileReference; lastKnownFileType = text.plist.entitlements; path = ConcentrationGame.entitlements; sourceTree = "<group>"; };
		817F6A382ACD10F8005A8506 /* Preview Assets.xcassets */ = {isa = PBXFileReference; lastKnownFileType = folder.assetcatalog; path = "Preview Assets.xcassets"; sourceTree = "<group>"; };
		817F6A3E2ACD10F8005A8506 /* ConcentrationGameTests.xctest */ = {isa = PBXFileReference; explicitFileType = wrapper.cfbundle; includeInIndex = 0; path = ConcentrationGameTests.xctest; sourceTree = BUILT_PRODUCTS_DIR; };
		817F6A422ACD10F8005A8506 /* ConcentrationGameTests.swift */ = {isa = PBXFileReference; lastKnownFileType = sourcecode.swift; path = ConcentrationGameTests.swift; sourceTree = "<group>"; };
		817F6A482ACD10F8005A8506 /* ConcentrationGameUITests.xctest */ = {isa = PBXFileReference; explicitFileType = wrapper.cfbundle; includeInIndex = 0; path = ConcentrationGameUITests.xctest; sourceTree = BUILT_PRODUCTS_DIR; };
		817F6A4C2ACD10F8005A8506 /* ConcentrationGameUITests.swift */ = {isa = PBXFileReference; lastKnownFileType = sourcecode.swift; path = ConcentrationGameUITests.swift; sourceTree = "<group>"; };
		817F6A4E2ACD10F8005A8506 /* ConcentrationGameUITestsLaunchTests.swift */ = {isa = PBXFileReference; lastKnownFileType = sourcecode.swift; path = ConcentrationGameUITestsLaunchTests.swift; sourceTree = "<group>"; };
/* End PBXFileReference section */

/* Begin PBXFrameworksBuildPhase section */
		817F6A2A2ACD10F7005A8506 /* Frameworks */ = {
			isa = PBXFrameworksBuildPhase;
			buildActionMask = 2147483647;
			files = (
			);
			runOnlyForDeploymentPostprocessing = 0;
		};
		817F6A3B2ACD10F8005A8506 /* Frameworks */ = {
			isa = PBXFrameworksBuildPhase;
			buildActionMask = 2147483647;
			files = (
			);
			runOnlyForDeploymentPostprocessing = 0;
		};
		817F6A452ACD10F8005A8506 /* Frameworks */ = {
			isa = PBXFrameworksBuildPhase;
			buildActionMask = 2147483647;
			files = (
			);
			runOnlyForDeploymentPostprocessing = 0;
		};
/* End PBXFrameworksBuildPhase section */

/* Begin PBXGroup section */
		817F6A242ACD10F7005A8506 = {
			isa = PBXGroup;
			children = (
				817F6A2F2ACD10F7005A8506 /* ConcentrationGame */,
				817F6A412ACD10F8005A8506 /* ConcentrationGameTests */,
				817F6A4B2ACD10F8005A8506 /* ConcentrationGameUITests */,
				817F6A2E2ACD10F7005A8506 /* Products */,
			);
			sourceTree = "<group>";
		};
		817F6A2E2ACD10F7005A8506 /* Products */ = {
			isa = PBXGroup;
			children = (
				817F6A2D2ACD10F7005A8506 /* ConcentrationGame.app */,
				817F6A3E2ACD10F8005A8506 /* ConcentrationGameTests.xctest */,
				817F6A482ACD10F8005A8506 /* ConcentrationGameUITests.xctest */,
			);
			name = Products;
			sourceTree = "<group>";
		};
		817F6A2F2ACD10F7005A8506 /* ConcentrationGame */ = {
			isa = PBXGroup;
			children = (
				817F6A302ACD10F7005A8506 /* ConcentrationGameApp.swift */,
				817F6A322ACD10F7005A8506 /* ContentView.swift */,
				817F6A342ACD10F8005A8506 /* Assets.xcassets */,
				817F6A362ACD10F8005A8506 /* ConcentrationGame.entitlements */,
				817F6A372ACD10F8005A8506 /* Preview Content */,
			);
			path = ConcentrationGame;
			sourceTree = "<group>";
		};
		817F6A372ACD10F8005A8506 /* Preview Content */ = {
			isa = PBXGroup;
			children = (
				817F6A382ACD10F8005A8506 /* Preview Assets.xcassets */,
			);
			path = "Preview Content";
			sourceTree = "<group>";
		};
		817F6A412ACD10F8005A8506 /* ConcentrationGameTests */ = {
			isa = PBXGroup;
			children = (
				817F6A422ACD10F8005A8506 /* ConcentrationGameTests.swift */,
			);
			path = ConcentrationGameTests;
			sourceTree = "<group>";
		};
		817F6A4B2ACD10F8005A8506 /* ConcentrationGameUITests */ = {
			isa = PBXGroup;
			children = (
				817F6A4C2ACD10F8005A8506 /* ConcentrationGameUITests.swift */,
				817F6A4E2ACD10F8005A8506 /* ConcentrationGameUITestsLaunchTests.swift */,
			);
			path = ConcentrationGameUITests;
			sourceTree = "<group>";
		};
/* End PBXGroup section */

/* Begin PBXNativeTarget section */
		817F6A2C2ACD10F7005A8506 /* ConcentrationGame */ = {
			isa = PBXNativeTarget;
			buildConfigurationList = 817F6A522ACD10F8005A8506 /* Build configuration list for PBXNativeTarget "ConcentrationGame" */;
			buildPhases = (
				817F6A292ACD10F7005A8506 /* Sources */,
				817F6A2A2ACD10F7005A8506 /* Frameworks */,
				817F6A2B2ACD10F7005A8506 /* Resources */,
			);
			buildRules = (
			);
			dependencies = (
			);
			name = ConcentrationGame;
			productName = ConcentrationGame;
			productReference = 817F6A2D2ACD10F7005A8506 /* ConcentrationGame.app */;
			productType = "com.apple.product-type.application";
		};
		817F6A3D2ACD10F8005A8506 /* ConcentrationGameTests */ = {
			isa = PBXNativeTarget;
			buildConfigurationList = 817F6A552ACD10F8005A8506 /* Build configuration list for PBXNativeTarget "ConcentrationGameTests" */;
			buildPhases = (
				817F6A3A2ACD10F8005A8506 /* Sources */,
				817F6A3B2ACD10F8005A8506 /* Frameworks */,
				817F6A3C2ACD10F8005A8506 /* Resources */,
			);
			buildRules = (
			);
			dependencies = (
				817F6A402ACD10F8005A8506 /* PBXTargetDependency */,
			);
			name = ConcentrationGameTests;
			productName = ConcentrationGameTests;
			productReference = 817F6A3E2ACD10F8005A8506 /* ConcentrationGameTests.xctest */;
			productType = "com.apple.product-type.bundle.unit-test";
		};
		817F6A472ACD10F8005A8506 /* ConcentrationGameUITests */ = {
			isa = PBXNativeTarget;
			buildConfigurationList = 817F6A582ACD10F8005A8506 /* Build configuration list for PBXNativeTarget "ConcentrationGameUITests" */;
			buildPhases = (
				817F6A442ACD10F8005A8506 /* Sources */,
				817F6A452ACD10F8005A8506 /* Frameworks */,
				817F6A462ACD10F8005A8506 /* Resources */,
			);
			buildRules = (
			);
			dependencies = (
				817F6A4A2ACD10F8005A8506 /* PBXTargetDependency */,
			);
			name = ConcentrationGameUITests;
			productName = ConcentrationGameUITests;
			productReference = 817F6A482ACD10F8005A8506 /* ConcentrationGameUITests.xctest */;
			productType = "com.apple.product-type.bundle.ui-testing";
		};
/* End PBXNativeTarget section */

/* Begin PBXProject section */
		817F6A252ACD10F7005A8506 /* Project object */ = {
			isa = PBXProject;
			attributes = {
				BuildIndependentTargetsInParallel = 1;
				LastSwiftUpdateCheck = 1500;
				LastUpgradeCheck = 1500;
				TargetAttributes = {
					817F6A2C2ACD10F7005A8506 = {
						CreatedOnToolsVersion = 15.0;
					};
					817F6A3D2ACD10F8005A8506 = {
						CreatedOnToolsVersion = 15.0;
						TestTargetID = 817F6A2C2ACD10F7005A8506;
					};
					817F6A472ACD10F8005A8506 = {
						CreatedOnToolsVersion = 15.0;
						TestTargetID = 817F6A2C2ACD10F7005A8506;
					};
				};
			};
			buildConfigurationList = 817F6A282ACD10F7005A8506 /* Build configuration list for PBXProject "ConcentrationGame" */;
			compatibilityVersion = "Xcode 14.0";
			developmentRegion = en;
			hasScannedForEncodings = 0;
			knownRegions = (
				en,
				Base,
			);
			mainGroup = 817F6A242ACD10F7005A8506;
			productRefGroup = 817F6A2E2ACD10F7005A8506 /* Products */;
			projectDirPath = "";
			projectRoot = "";
			targets = (
				817F6A2C2ACD10F7005A8506 /* ConcentrationGame */,
				817F6A3D2ACD10F8005A8506 /* ConcentrationGameTests */,
				817F6A472ACD10F8005A8506 /* ConcentrationGameUITests */,
			);
		};
/* End PBXProject section */

/* Begin PBXResourcesBuildPhase section */
		817F6A2B2ACD10F7005A8506 /* Resources */ = {
			isa = PBXResourcesBuildPhase;
			buildActionMask = 2147483647;
			files = (
				817F6A392ACD10F8005A8506 /* Preview Assets.xcassets in Resources */,
				817F6A352ACD10F8005A8506 /* Assets.xcassets in Resources */,
			);
			runOnlyForDeploymentPostprocessing = 0;
		};
		817F6A3C2ACD10F8005A8506 /* Resources */ = {
			isa = PBXResourcesBuildPhase;
			buildActionMask = 2147483647;
			files = (
			);
			runOnlyForDeploymentPostprocessing = 0;
		};
		817F6A462ACD10F8005A8506 /* Resources */ = {
			isa = PBXResourcesBuildPhase;
			buildActionMask = 2147483647;
			files = (
			);
			runOnlyForDeploymentPostprocessing = 0;
		};
/* End PBXResourcesBuildPhase section */

/* Begin PBXSourcesBuildPhase section */
		817F6A292ACD10F7005A8506 /* Sources */ = {
			isa = PBXSourcesBuildPhase;
			buildActionMask = 2147483647;
			files = (
				817F6A332ACD10F7005A8506 /* ContentView.swift in Sources */,
				817F6A312ACD10F7005A8506 /* ConcentrationGameApp.swift in Sources */,
			);
			runOnlyForDeploymentPostprocessing = 0;
		};
		817F6A3A2ACD10F8005A8506 /* Sources */ = {
			isa = PBXSourcesBuildPhase;
			buildActionMask = 2147483647;
			files = (
				817F6A432ACD10F8005A8506 /* ConcentrationGameTests.swift in Sources */,
			);
			runOnlyForDeploymentPostprocessing = 0;
		};
		817F6A442ACD10F8005A8506 /* Sources */ = {
			isa = PBXSourcesBuildPhase;
			buildActionMask = 2147483647;
			files = (
				817F6A4F2ACD10F8005A8506 /* ConcentrationGameUITestsLaunchTests.swift in Sources */,
				817F6A4D2ACD10F8005A8506 /* ConcentrationGameUITests.swift in Sources */,
			);
			runOnlyForDeploymentPostprocessing = 0;
		};
/* End PBXSourcesBuildPhase section */

/* Begin PBXTargetDependency section */
		817F6A402ACD10F8005A8506 /* PBXTargetDependency */ = {
			isa = PBXTargetDependency;
			target = 817F6A2C2ACD10F7005A8506 /* ConcentrationGame */;
			targetProxy = 817F6A3F2ACD10F8005A8506 /* PBXContainerItemProxy */;
		};
		817F6A4A2ACD10F8005A8506 /* PBXTargetDependency */ = {
			isa = PBXTargetDependency;
			target = 817F6A2C2ACD10F7005A8506 /* ConcentrationGame */;
			targetProxy = 817F6A492ACD10F8005A8506 /* PBXContainerItemProxy */;
		};
/* End PBXTargetDependency section */

/* Begin XCBuildConfiguration section */
		817F6A502ACD10F8005A8506 /* Debug */ = {
			isa = XCBuildConfiguration;
			buildSettings = {
				ALWAYS_SEARCH_USER_PATHS = NO;
				ASSETCATALOG_COMPILER_GENERATE_SWIFT_ASSET_SYMBOL_EXTENSIONS = YES;
				CLANG_ANALYZER_NONNULL = YES;
				CLANG_ANALYZER_NUMBER_OBJECT_CONVERSION = YES_AGGRESSIVE;
				CLANG_CXX_LANGUAGE_STANDARD = "gnu++20";
				CLANG_ENABLE_MODULES = YES;
				CLANG_ENABLE_OBJC_ARC = YES;
				CLANG_ENABLE_OBJC_WEAK = YES;
				CLANG_WARN_BLOCK_CAPTURE_AUTORELEASING = YES;
				CLANG_WARN_BOOL_CONVERSION = YES;
				CLANG_WARN_COMMA = YES;
				CLANG_WARN_CONSTANT_CONVERSION = YES;
				CLANG_WARN_DEPRECATED_OBJC_IMPLEMENTATIONS = YES;
				CLANG_WARN_DIRECT_OBJC_ISA_USAGE = YES_ERROR;
				CLANG_WARN_DOCUMENTATION_COMMENTS = YES;
				CLANG_WARN_EMPTY_BODY = YES;
				CLANG_WARN_ENUM_CONVERSION = YES;
				CLANG_WARN_INFINITE_RECURSION = YES;
				CLANG_WARN_INT_CONVERSION = YES;
				CLANG_WARN_NON_LITERAL_NULL_CONVERSION = YES;
				CLANG_WARN_OBJC_IMPLICIT_RETAIN_SELF = YES;
				CLANG_WARN_OBJC_LITERAL_CONVERSION = YES;
				CLANG_WARN_OBJC_ROOT_CLASS = YES_ERROR;
				CLANG_WARN_QUOTED_INCLUDE_IN_FRAMEWORK_HEADER = YES;
				CLANG_WARN_RANGE_LOOP_ANALYSIS = YES;
				CLANG_WARN_STRICT_PROTOTYPES = YES;
				CLANG_WARN_SUSPICIOUS_MOVE = YES;
				CLANG_WARN_UNGUARDED_AVAILABILITY = YES_AGGRESSIVE;
				CLANG_WARN_UNREACHABLE_CODE = YES;
				CLANG_WARN__DUPLICATE_METHOD_MATCH = YES;
				COPY_PHASE_STRIP = NO;
				DEBUG_INFORMATION_FORMAT = dwarf;
				ENABLE_STRICT_OBJC_MSGSEND = YES;
				ENABLE_TESTABILITY = YES;
				ENABLE_USER_SCRIPT_SANDBOXING = YES;
				GCC_C_LANGUAGE_STANDARD = gnu17;
				GCC_DYNAMIC_NO_PIC = NO;
				GCC_NO_COMMON_BLOCKS = YES;
				GCC_OPTIMIZATION_LEVEL = 0;
				GCC_PREPROCESSOR_DEFINITIONS = (
					"DEBUG=1",
					"$(inherited)",
				);
				GCC_WARN_64_TO_32_BIT_CONVERSION = YES;
				GCC_WARN_ABOUT_RETURN_TYPE = YES_ERROR;
				GCC_WARN_UNDECLARED_SELECTOR = YES;
				GCC_WARN_UNINITIALIZED_AUTOS = YES_AGGRESSIVE;
				GCC_WARN_UNUSED_FUNCTION = YES;
				GCC_WARN_UNUSED_VARIABLE = YES;
				LOCALIZATION_PREFERS_STRING_CATALOGS = YES;
				MTL_ENABLE_DEBUG_INFO = INCLUDE_SOURCE;
				MTL_FAST_MATH = YES;
				ONLY_ACTIVE_ARCH = YES;
				SWIFT_ACTIVE_COMPILATION_CONDITIONS = "DEBUG $(inherited)";
				SWIFT_OPTIMIZATION_LEVEL = "-Onone";
			};
			name = Debug;
		};
		817F6A512ACD10F8005A8506 /* Release */ = {
			isa = XCBuildConfiguration;
			buildSettings = {
				ALWAYS_SEARCH_USER_PATHS = NO;
				ASSETCATALOG_COMPILER_GENERATE_SWIFT_ASSET_SYMBOL_EXTENSIONS = YES;
				CLANG_ANALYZER_NONNULL = YES;
				CLANG_ANALYZER_NUMBER_OBJECT_CONVERSION = YES_AGGRESSIVE;
				CLANG_CXX_LANGUAGE_STANDARD = "gnu++20";
				CLANG_ENABLE_MODULES = YES;
				CLANG_ENABLE_OBJC_ARC = YES;
				CLANG_ENABLE_OBJC_WEAK = YES;
				CLANG_WARN_BLOCK_CAPTURE_AUTORELEASING = YES;
				CLANG_WARN_BOOL_CONVERSION = YES;
				CLANG_WARN_COMMA = YES;
				CLANG_WARN_CONSTANT_CONVERSION = YES;
				CLANG_WARN_DEPRECATED_OBJC_IMPLEMENTATIONS = YES;
				CLANG_WARN_DIRECT_OBJC_ISA_USAGE = YES_ERROR;
				CLANG_WARN_DOCUMENTATION_COMMENTS = YES;
				CLANG_WARN_EMPTY_BODY = YES;
				CLANG_WARN_ENUM_CONVERSION = YES;
				CLANG_WARN_INFINITE_RECURSION = YES;
				CLANG_WARN_INT_CONVERSION = YES;
				CLANG_WARN_NON_LITERAL_NULL_CONVERSION = YES;
				CLANG_WARN_OBJC_IMPLICIT_RETAIN_SELF = YES;
				CLANG_WARN_OBJC_LITERAL_CONVERSION = YES;
				CLANG_WARN_OBJC_ROOT_CLASS = YES_ERROR;
				CLANG_WARN_QUOTED_INCLUDE_IN_FRAMEWORK_HEADER = YES;
				CLANG_WARN_RANGE_LOOP_ANALYSIS = YES;
				CLANG_WARN_STRICT_PROTOTYPES = YES;
				CLANG_WARN_SUSPICIOUS_MOVE = YES;
				CLANG_WARN_UNGUARDED_AVAILABILITY = YES_AGGRESSIVE;
				CLANG_WARN_UNREACHABLE_CODE = YES;
				CLANG_WARN__DUPLICATE_METHOD_MATCH = YES;
				COPY_PHASE_STRIP = NO;
				DEBUG_INFORMATION_FORMAT = "dwarf-with-dsym";
				ENABLE_NS_ASSERTIONS = NO;
				ENABLE_STRICT_OBJC_MSGSEND = YES;
				ENABLE_USER_SCRIPT_SANDBOXING = YES;
				GCC_C_LANGUAGE_STANDARD = gnu17;
				GCC_NO_COMMON_BLOCKS = YES;
				GCC_WARN_64_TO_32_BIT_CONVERSION = YES;
				GCC_WARN_ABOUT_RETURN_TYPE = YES_ERROR;
				GCC_WARN_UNDECLARED_SELECTOR = YES;
				GCC_WARN_UNINITIALIZED_AUTOS = YES_AGGRESSIVE;
				GCC_WARN_UNUSED_FUNCTION = YES;
				GCC_WARN_UNUSED_VARIABLE = YES;
				LOCALIZATION_PREFERS_STRING_CATALOGS = YES;
				MTL_ENABLE_DEBUG_INFO = NO;
				MTL_FAST_MATH = YES;
				SWIFT_COMPILATION_MODE = wholemodule;
			};
			name = Release;
		};
		817F6A532ACD10F8005A8506 /* Debug */ = {
			isa = XCBuildConfiguration;
			buildSettings = {
				ASSETCATALOG_COMPILER_APPICON_NAME = AppIcon;
				ASSETCATALOG_COMPILER_GLOBAL_ACCENT_COLOR_NAME = AccentColor;
				CODE_SIGN_ENTITLEMENTS = ConcentrationGame/ConcentrationGame.entitlements;
				CODE_SIGN_STYLE = Automatic;
				CURRENT_PROJECT_VERSION = 1;
				DEVELOPMENT_ASSET_PATHS = "\"ConcentrationGame/Preview Content\"";
				DEVELOPMENT_TEAM = UJF887P8BY;
				ENABLE_HARDENED_RUNTIME = YES;
				ENABLE_PREVIEWS = YES;
				GENERATE_INFOPLIST_FILE = YES;
				"INFOPLIST_KEY_UIApplicationSceneManifest_Generation[sdk=iphoneos*]" = YES;
				"INFOPLIST_KEY_UIApplicationSceneManifest_Generation[sdk=iphonesimulator*]" = YES;
				"INFOPLIST_KEY_UIApplicationSupportsIndirectInputEvents[sdk=iphoneos*]" = YES;
				"INFOPLIST_KEY_UIApplicationSupportsIndirectInputEvents[sdk=iphonesimulator*]" = YES;
				"INFOPLIST_KEY_UILaunchScreen_Generation[sdk=iphoneos*]" = YES;
				"INFOPLIST_KEY_UILaunchScreen_Generation[sdk=iphonesimulator*]" = YES;
				"INFOPLIST_KEY_UIStatusBarStyle[sdk=iphoneos*]" = UIStatusBarStyleDefault;
				"INFOPLIST_KEY_UIStatusBarStyle[sdk=iphonesimulator*]" = UIStatusBarStyleDefault;
				INFOPLIST_KEY_UISupportedInterfaceOrientations_iPad = "UIInterfaceOrientationPortrait UIInterfaceOrientationPortraitUpsideDown UIInterfaceOrientationLandscapeLeft UIInterfaceOrientationLandscapeRight";
				INFOPLIST_KEY_UISupportedInterfaceOrientations_iPhone = "UIInterfaceOrientationPortrait UIInterfaceOrientationLandscapeLeft UIInterfaceOrientationLandscapeRight";
				IPHONEOS_DEPLOYMENT_TARGET = 17.0;
				LD_RUNPATH_SEARCH_PATHS = "@executable_path/Frameworks";
				"LD_RUNPATH_SEARCH_PATHS[sdk=macosx*]" = "@executable_path/../Frameworks";
				MACOSX_DEPLOYMENT_TARGET = 13.5;
				MARKETING_VERSION = 1.0;
				PRODUCT_BUNDLE_IDENTIFIER = com.Noelia.ConcentrationGame;
				PRODUCT_NAME = "$(TARGET_NAME)";
				SDKROOT = auto;
				SUPPORTED_PLATFORMS = "iphoneos iphonesimulator macosx";
				SWIFT_EMIT_LOC_STRINGS = YES;
				SWIFT_VERSION = 5.0;
				TARGETED_DEVICE_FAMILY = "1,2";
			};
			name = Debug;
		};
		817F6A542ACD10F8005A8506 /* Release */ = {
			isa = XCBuildConfiguration;
			buildSettings = {
				ASSETCATALOG_COMPILER_APPICON_NAME = AppIcon;
				ASSETCATALOG_COMPILER_GLOBAL_ACCENT_COLOR_NAME = AccentColor;
				CODE_SIGN_ENTITLEMENTS = ConcentrationGame/ConcentrationGame.entitlements;
				CODE_SIGN_STYLE = Automatic;
				CURRENT_PROJECT_VERSION = 1;
				DEVELOPMENT_ASSET_PATHS = "\"ConcentrationGame/Preview Content\"";
				DEVELOPMENT_TEAM = UJF887P8BY;
				ENABLE_HARDENED_RUNTIME = YES;
				ENABLE_PREVIEWS = YES;
				GENERATE_INFOPLIST_FILE = YES;
				"INFOPLIST_KEY_UIApplicationSceneManifest_Generation[sdk=iphoneos*]" = YES;
				"INFOPLIST_KEY_UIApplicationSceneManifest_Generation[sdk=iphonesimulator*]" = YES;
				"INFOPLIST_KEY_UIApplicationSupportsIndirectInputEvents[sdk=iphoneos*]" = YES;
				"INFOPLIST_KEY_UIApplicationSupportsIndirectInputEvents[sdk=iphonesimulator*]" = YES;
				"INFOPLIST_KEY_UILaunchScreen_Generation[sdk=iphoneos*]" = YES;
				"INFOPLIST_KEY_UILaunchScreen_Generation[sdk=iphonesimulator*]" = YES;
				"INFOPLIST_KEY_UIStatusBarStyle[sdk=iphoneos*]" = UIStatusBarStyleDefault;
				"INFOPLIST_KEY_UIStatusBarStyle[sdk=iphonesimulator*]" = UIStatusBarStyleDefault;
				INFOPLIST_KEY_UISupportedInterfaceOrientations_iPad = "UIInterfaceOrientationPortrait UIInterfaceOrientationPortraitUpsideDown UIInterfaceOrientationLandscapeLeft UIInterfaceOrientationLandscapeRight";
				INFOPLIST_KEY_UISupportedInterfaceOrientations_iPhone = "UIInterfaceOrientationPortrait UIInterfaceOrientationLandscapeLeft UIInterfaceOrientationLandscapeRight";
				IPHONEOS_DEPLOYMENT_TARGET = 17.0;
				LD_RUNPATH_SEARCH_PATHS = "@executable_path/Frameworks";
				"LD_RUNPATH_SEARCH_PATHS[sdk=macosx*]" = "@executable_path/../Frameworks";
				MACOSX_DEPLOYMENT_TARGET = 13.5;
				MARKETING_VERSION = 1.0;
				PRODUCT_BUNDLE_IDENTIFIER = com.Noelia.ConcentrationGame;
				PRODUCT_NAME = "$(TARGET_NAME)";
				SDKROOT = auto;
				SUPPORTED_PLATFORMS = "iphoneos iphonesimulator macosx";
				SWIFT_EMIT_LOC_STRINGS = YES;
				SWIFT_VERSION = 5.0;
				TARGETED_DEVICE_FAMILY = "1,2";
			};
			name = Release;
		};
		817F6A562ACD10F8005A8506 /* Debug */ = {
			isa = XCBuildConfiguration;
			buildSettings = {
				ALWAYS_EMBED_SWIFT_STANDARD_LIBRARIES = YES;
				BUNDLE_LOADER = "$(TEST_HOST)";
				CODE_SIGN_STYLE = Automatic;
				CURRENT_PROJECT_VERSION = 1;
				DEVELOPMENT_TEAM = UJF887P8BY;
				GENERATE_INFOPLIST_FILE = YES;
				IPHONEOS_DEPLOYMENT_TARGET = 17.0;
				MACOSX_DEPLOYMENT_TARGET = 13.5;
				MARKETING_VERSION = 1.0;
				PRODUCT_BUNDLE_IDENTIFIER = com.Noelia.ConcentrationGameTests;
				PRODUCT_NAME = "$(TARGET_NAME)";
				SDKROOT = auto;
				SUPPORTED_PLATFORMS = "iphoneos iphonesimulator macosx";
				SWIFT_EMIT_LOC_STRINGS = NO;
				SWIFT_VERSION = 5.0;
				TARGETED_DEVICE_FAMILY = "1,2";
				TEST_HOST = "$(BUILT_PRODUCTS_DIR)/ConcentrationGame.app/$(BUNDLE_EXECUTABLE_FOLDER_PATH)/ConcentrationGame";
			};
			name = Debug;
		};
		817F6A572ACD10F8005A8506 /* Release */ = {
			isa = XCBuildConfiguration;
			buildSettings = {
				ALWAYS_EMBED_SWIFT_STANDARD_LIBRARIES = YES;
				BUNDLE_LOADER = "$(TEST_HOST)";
				CODE_SIGN_STYLE = Automatic;
				CURRENT_PROJECT_VERSION = 1;
				DEVELOPMENT_TEAM = UJF887P8BY;
				GENERATE_INFOPLIST_FILE = YES;
				IPHONEOS_DEPLOYMENT_TARGET = 17.0;
				MACOSX_DEPLOYMENT_TARGET = 13.5;
				MARKETING_VERSION = 1.0;
				PRODUCT_BUNDLE_IDENTIFIER = com.Noelia.ConcentrationGameTests;
				PRODUCT_NAME = "$(TARGET_NAME)";
				SDKROOT = auto;
				SUPPORTED_PLATFORMS = "iphoneos iphonesimulator macosx";
				SWIFT_EMIT_LOC_STRINGS = NO;
				SWIFT_VERSION = 5.0;
				TARGETED_DEVICE_FAMILY = "1,2";
				TEST_HOST = "$(BUILT_PRODUCTS_DIR)/ConcentrationGame.app/$(BUNDLE_EXECUTABLE_FOLDER_PATH)/ConcentrationGame";
			};
			name = Release;
		};
		817F6A592ACD10F8005A8506 /* Debug */ = {
			isa = XCBuildConfiguration;
			buildSettings = {
				ALWAYS_EMBED_SWIFT_STANDARD_LIBRARIES = YES;
				CODE_SIGN_STYLE = Automatic;
				CURRENT_PROJECT_VERSION = 1;
				DEVELOPMENT_TEAM = UJF887P8BY;
				GENERATE_INFOPLIST_FILE = YES;
				IPHONEOS_DEPLOYMENT_TARGET = 17.0;
				MACOSX_DEPLOYMENT_TARGET = 13.5;
				MARKETING_VERSION = 1.0;
				PRODUCT_BUNDLE_IDENTIFIER = com.Noelia.ConcentrationGameUITests;
				PRODUCT_NAME = "$(TARGET_NAME)";
				SDKROOT = auto;
				SUPPORTED_PLATFORMS = "iphoneos iphonesimulator macosx";
				SWIFT_EMIT_LOC_STRINGS = NO;
				SWIFT_VERSION = 5.0;
				TARGETED_DEVICE_FAMILY = "1,2";
				TEST_TARGET_NAME = ConcentrationGame;
			};
			name = Debug;
		};
		817F6A5A2ACD10F8005A8506 /* Release */ = {
			isa = XCBuildConfiguration;
			buildSettings = {
				ALWAYS_EMBED_SWIFT_STANDARD_LIBRARIES = YES;
				CODE_SIGN_STYLE = Automatic;
				CURRENT_PROJECT_VERSION = 1;
				DEVELOPMENT_TEAM = UJF887P8BY;
				GENERATE_INFOPLIST_FILE = YES;
				IPHONEOS_DEPLOYMENT_TARGET = 17.0;
				MACOSX_DEPLOYMENT_TARGET = 13.5;
				MARKETING_VERSION = 1.0;
				PRODUCT_BUNDLE_IDENTIFIER = com.Noelia.ConcentrationGameUITests;
				PRODUCT_NAME = "$(TARGET_NAME)";
				SDKROOT = auto;
				SUPPORTED_PLATFORMS = "iphoneos iphonesimulator macosx";
				SWIFT_EMIT_LOC_STRINGS = NO;
				SWIFT_VERSION = 5.0;
				TARGETED_DEVICE_FAMILY = "1,2";
				TEST_TARGET_NAME = ConcentrationGame;
			};
			name = Release;
		};
/* End XCBuildConfiguration section */

/* Begin XCConfigurationList section */
		817F6A282ACD10F7005A8506 /* Build configuration list for PBXProject "ConcentrationGame" */ = {
			isa = XCConfigurationList;
			buildConfigurations = (
				817F6A502ACD10F8005A8506 /* Debug */,
				817F6A512ACD10F8005A8506 /* Release */,
			);
			defaultConfigurationIsVisible = 0;
			defaultConfigurationName = Release;
		};
		817F6A522ACD10F8005A8506 /* Build configuration list for PBXNativeTarget "ConcentrationGame" */ = {
			isa = XCConfigurationList;
			buildConfigurations = (
				817F6A532ACD10F8005A8506 /* Debug */,
				817F6A542ACD10F8005A8506 /* Release */,
			);
			defaultConfigurationIsVisible = 0;
			defaultConfigurationName = Release;
		};
		817F6A552ACD10F8005A8506 /* Build configuration list for PBXNativeTarget "ConcentrationGameTests" */ = {
			isa = XCConfigurationList;
			buildConfigurations = (
				817F6A562ACD10F8005A8506 /* Debug */,
				817F6A572ACD10F8005A8506 /* Release */,
			);
			defaultConfigurationIsVisible = 0;
			defaultConfigurationName = Release;
		};
		817F6A582ACD10F8005A8506 /* Build configuration list for PBXNativeTarget "ConcentrationGameUITests" */ = {
			isa = XCConfigurationList;
			buildConfigurations = (
				817F6A592ACD10F8005A8506 /* Debug */,
				817F6A5A2ACD10F8005A8506 /* Release */,
			);
			defaultConfigurationIsVisible = 0;
			defaultConfigurationName = Release;
		};
/* End XCConfigurationList section */
	};
	rootObject = 817F6A252ACD10F7005A8506 /* Project object */;
}
